PODS:
  - Alamofire (3.2.0)
  - AnalyticsSwift (0.2.0)
  - Crashlytics (3.7.0):
    - Fabric (~> 1.6.3)
  - Fabric (1.6.7)
  - Former (1.2.0)
  - HanekeSwift (0.10.1)
  - Runes (3.1.0)
  - SDWebImage (3.7.5):
    - SDWebImage/Core (= 3.7.5)
  - SDWebImage/Core (3.7.5)
  - SnapKit (0.15.0)
  - SVProgressHUD (1.1.3)

DEPENDENCIES:
  - Alamofire (~> 3.0)
  - AnalyticsSwift
  - Crashlytics
  - Fabric
  - Former
  - HanekeSwift
  - Runes
  - SDWebImage (~> 3.7)
  - SnapKit (~> 0.15.0)
  - SVProgressHUD (~> 1.1.3)

SPEC CHECKSUMS:
  Alamofire: 4da478599fccddff361205c8929333d7fe18dceb
  AnalyticsSwift: 76329ac0b66be9747e9f718076c53d264ed24089
  Crashlytics: c3a2333dea9e2733d2777f730910321fc9e25c0d
  Fabric: caf7580c725e64db144f610ac65cd60956911dc7
  Former: 7c5f4451116e118cafdb1be029e4264f9cb75295
  HanekeSwift: 08e47d3d0f2899ec58e5d257beba0de619aca9e8
  Runes: 21c2d32b740a0091dbf036517971278ca9f700b3
  SDWebImage: 69c6303e3348fba97e03f65d65d4fbc26740f461
  SnapKit: 4962eed2ee18e48cbd2b2292fffc57efe7235f87
  SVProgressHUD: 748080e4f36e603f6c02aec292664239df5279c1

COCOAPODS: 0.39.0
